// !$*UTF8*$!
{
	archiveVersion = 1;
	classes = {
	};
	objectVersion = 51;
	objects = {

/* Begin PBXBuildFile section */
		24FCF0F3EAC979BEE5D0CCB3 /* Pods_CurrencyConverter.framework in Frameworks */ = {isa = PBXBuildFile; fileRef = 24AA62B4F1049F854D4C772C /* Pods_CurrencyConverter.framework */; };
		2A25D72DD5EE57FA5B7B0F9E /* Pods_CurrencyConverterTests.framework in Frameworks */ = {isa = PBXBuildFile; fileRef = A4E023AB4ADC2702602011C4 /* Pods_CurrencyConverterTests.framework */; };
		A9A86D7A276B32E20033C5C4 /* AppDelegate.swift in Sources */ = {isa = PBXBuildFile; fileRef = A9A86D79276B32E20033C5C4 /* AppDelegate.swift */; };
		A9A86D7C276B32E20033C5C4 /* SceneDelegate.swift in Sources */ = {isa = PBXBuildFile; fileRef = A9A86D7B276B32E20033C5C4 /* SceneDelegate.swift */; };
		A9A86D7E276B32E20033C5C4 /* ContentView.swift in Sources */ = {isa = PBXBuildFile; fileRef = A9A86D7D276B32E20033C5C4 /* ContentView.swift */; };
		A9A86D80276B32E20033C5C4 /* Assets.xcassets in Resources */ = {isa = PBXBuildFile; fileRef = A9A86D7F276B32E20033C5C4 /* Assets.xcassets */; };
		A9A86D83276B32E20033C5C4 /* Preview Assets.xcassets in Resources */ = {isa = PBXBuildFile; fileRef = A9A86D82276B32E20033C5C4 /* Preview Assets.xcassets */; };
		A9A86D86276B32E20033C5C4 /* LaunchScreen.storyboard in Resources */ = {isa = PBXBuildFile; fileRef = A9A86D84276B32E20033C5C4 /* LaunchScreen.storyboard */; };
		A9C8FFB3276B364400FB90FD /* NetworkManager.swift in Sources */ = {isa = PBXBuildFile; fileRef = A9C8FFB2276B364400FB90FD /* NetworkManager.swift */; };
		A9C8FFB5276B365100FB90FD /* NetworkRequest.swift in Sources */ = {isa = PBXBuildFile; fileRef = A9C8FFB4276B365100FB90FD /* NetworkRequest.swift */; };
		A9C8FFB7276B365D00FB90FD /* NetworkError.swift in Sources */ = {isa = PBXBuildFile; fileRef = A9C8FFB6276B365D00FB90FD /* NetworkError.swift */; };
		A9C8FFBA276B392100FB90FD /* ConvertRequest.swift in Sources */ = {isa = PBXBuildFile; fileRef = A9C8FFB9276B392100FB90FD /* ConvertRequest.swift */; };
		A9C8FFBD276B396700FB90FD /* APIManager.swift in Sources */ = {isa = PBXBuildFile; fileRef = A9C8FFBC276B396700FB90FD /* APIManager.swift */; };
		A9C8FFBF276B397000FB90FD /* APIRequest.swift in Sources */ = {isa = PBXBuildFile; fileRef = A9C8FFBE276B397000FB90FD /* APIRequest.swift */; };
		A9C8FFC2276B3AE200FB90FD /* Codable.swift in Sources */ = {isa = PBXBuildFile; fileRef = A9C8FFC1276B3AE200FB90FD /* Codable.swift */; };
		A9C8FFC4276B3C2A00FB90FD /* ConvertResponse.swift in Sources */ = {isa = PBXBuildFile; fileRef = A9C8FFC3276B3C2A00FB90FD /* ConvertResponse.swift */; };
		A9C8FFC6276B3ECC00FB90FD /* Currency.swift in Sources */ = {isa = PBXBuildFile; fileRef = A9C8FFC5276B3ECC00FB90FD /* Currency.swift */; };
		A9C8FFC8276B404500FB90FD /* ContentViewModel.swift in Sources */ = {isa = PBXBuildFile; fileRef = A9C8FFC7276B404500FB90FD /* ContentViewModel.swift */; };
		A9C8FFCA276B537300FB90FD /* CurrencyPicker.swift in Sources */ = {isa = PBXBuildFile; fileRef = A9C8FFC9276B537300FB90FD /* CurrencyPicker.swift */; };
		A9C8FFD0276B68A200FB90FD /* MockNetworkManager.swift in Sources */ = {isa = PBXBuildFile; fileRef = A9C8FFCF276B68A200FB90FD /* MockNetworkManager.swift */; };
		A9C8FFD3276B693B00FB90FD /* APIManagerTests.swift in Sources */ = {isa = PBXBuildFile; fileRef = A9C8FFD2276B693B00FB90FD /* APIManagerTests.swift */; };
		A9C8FFD5276B6A2900FB90FD /* MockConvertResponse.swift in Sources */ = {isa = PBXBuildFile; fileRef = A9C8FFD4276B6A2900FB90FD /* MockConvertResponse.swift */; };
/* End PBXBuildFile section */

/* Begin PBXContainerItemProxy section */
		A9A86D8D276B32E30033C5C4 /* PBXContainerItemProxy */ = {
			isa = PBXContainerItemProxy;
			containerPortal = A9A86D6E276B32E20033C5C4 /* Project object */;
			proxyType = 1;
			remoteGlobalIDString = A9A86D75276B32E20033C5C4;
			remoteInfo = CurrencyConverter;
		};
/* End PBXContainerItemProxy section */

/* Begin PBXFileReference section */
		24AA62B4F1049F854D4C772C /* Pods_CurrencyConverter.framework */ = {isa = PBXFileReference; explicitFileType = wrapper.framework; includeInIndex = 0; path = Pods_CurrencyConverter.framework; sourceTree = BUILT_PRODUCTS_DIR; };
		41276C1C12F181DE4272D0C7 /* Pods-CurrencyConverterTests.debug.xcconfig */ = {isa = PBXFileReference; includeInIndex = 1; lastKnownFileType = text.xcconfig; name = "Pods-CurrencyConverterTests.debug.xcconfig"; path = "Target Support Files/Pods-CurrencyConverterTests/Pods-CurrencyConverterTests.debug.xcconfig"; sourceTree = "<group>"; };
		605B1D96F60D4E33334176B6 /* Pods-CurrencyConverterTests.release.xcconfig */ = {isa = PBXFileReference; includeInIndex = 1; lastKnownFileType = text.xcconfig; name = "Pods-CurrencyConverterTests.release.xcconfig"; path = "Target Support Files/Pods-CurrencyConverterTests/Pods-CurrencyConverterTests.release.xcconfig"; sourceTree = "<group>"; };
		A4E023AB4ADC2702602011C4 /* Pods_CurrencyConverterTests.framework */ = {isa = PBXFileReference; explicitFileType = wrapper.framework; includeInIndex = 0; path = Pods_CurrencyConverterTests.framework; sourceTree = BUILT_PRODUCTS_DIR; };
		A9A86D76276B32E20033C5C4 /* CurrencyConverter.app */ = {isa = PBXFileReference; explicitFileType = wrapper.application; includeInIndex = 0; path = CurrencyConverter.app; sourceTree = BUILT_PRODUCTS_DIR; };
		A9A86D79276B32E20033C5C4 /* AppDelegate.swift */ = {isa = PBXFileReference; lastKnownFileType = sourcecode.swift; path = AppDelegate.swift; sourceTree = "<group>"; };
		A9A86D7B276B32E20033C5C4 /* SceneDelegate.swift */ = {isa = PBXFileReference; lastKnownFileType = sourcecode.swift; path = SceneDelegate.swift; sourceTree = "<group>"; };
		A9A86D7D276B32E20033C5C4 /* ContentView.swift */ = {isa = PBXFileReference; lastKnownFileType = sourcecode.swift; path = ContentView.swift; sourceTree = "<group>"; };
		A9A86D7F276B32E20033C5C4 /* Assets.xcassets */ = {isa = PBXFileReference; lastKnownFileType = folder.assetcatalog; path = Assets.xcassets; sourceTree = "<group>"; };
		A9A86D82276B32E20033C5C4 /* Preview Assets.xcassets */ = {isa = PBXFileReference; lastKnownFileType = folder.assetcatalog; path = "Preview Assets.xcassets"; sourceTree = "<group>"; };
		A9A86D85276B32E20033C5C4 /* Base */ = {isa = PBXFileReference; lastKnownFileType = file.storyboard; name = Base; path = Base.lproj/LaunchScreen.storyboard; sourceTree = "<group>"; };
		A9A86D87276B32E20033C5C4 /* Info.plist */ = {isa = PBXFileReference; lastKnownFileType = text.plist.xml; path = Info.plist; sourceTree = "<group>"; };
		A9A86D8C276B32E30033C5C4 /* CurrencyConverterTests.xctest */ = {isa = PBXFileReference; explicitFileType = wrapper.cfbundle; includeInIndex = 0; path = CurrencyConverterTests.xctest; sourceTree = BUILT_PRODUCTS_DIR; };
		A9A86D92276B32E30033C5C4 /* Info.plist */ = {isa = PBXFileReference; lastKnownFileType = text.plist.xml; path = Info.plist; sourceTree = "<group>"; };
		A9C8FFB2276B364400FB90FD /* NetworkManager.swift */ = {isa = PBXFileReference; lastKnownFileType = sourcecode.swift; path = NetworkManager.swift; sourceTree = "<group>"; };
		A9C8FFB4276B365100FB90FD /* NetworkRequest.swift */ = {isa = PBXFileReference; lastKnownFileType = sourcecode.swift; path = NetworkRequest.swift; sourceTree = "<group>"; };
		A9C8FFB6276B365D00FB90FD /* NetworkError.swift */ = {isa = PBXFileReference; lastKnownFileType = sourcecode.swift; path = NetworkError.swift; sourceTree = "<group>"; };
		A9C8FFB9276B392100FB90FD /* ConvertRequest.swift */ = {isa = PBXFileReference; lastKnownFileType = sourcecode.swift; path = ConvertRequest.swift; sourceTree = "<group>"; };
		A9C8FFBC276B396700FB90FD /* APIManager.swift */ = {isa = PBXFileReference; lastKnownFileType = sourcecode.swift; path = APIManager.swift; sourceTree = "<group>"; };
		A9C8FFBE276B397000FB90FD /* APIRequest.swift */ = {isa = PBXFileReference; lastKnownFileType = sourcecode.swift; path = APIRequest.swift; sourceTree = "<group>"; };
		A9C8FFC1276B3AE200FB90FD /* Codable.swift */ = {isa = PBXFileReference; lastKnownFileType = sourcecode.swift; path = Codable.swift; sourceTree = "<group>"; };
		A9C8FFC3276B3C2A00FB90FD /* ConvertResponse.swift */ = {isa = PBXFileReference; lastKnownFileType = sourcecode.swift; path = ConvertResponse.swift; sourceTree = "<group>"; };
		A9C8FFC5276B3ECC00FB90FD /* Currency.swift */ = {isa = PBXFileReference; lastKnownFileType = sourcecode.swift; path = Currency.swift; sourceTree = "<group>"; };
		A9C8FFC7276B404500FB90FD /* ContentViewModel.swift */ = {isa = PBXFileReference; lastKnownFileType = sourcecode.swift; path = ContentViewModel.swift; sourceTree = "<group>"; };
		A9C8FFC9276B537300FB90FD /* CurrencyPicker.swift */ = {isa = PBXFileReference; lastKnownFileType = sourcecode.swift; path = CurrencyPicker.swift; sourceTree = "<group>"; };
		A9C8FFCF276B68A200FB90FD /* MockNetworkManager.swift */ = {isa = PBXFileReference; lastKnownFileType = sourcecode.swift; path = MockNetworkManager.swift; sourceTree = "<group>"; };
		A9C8FFD2276B693B00FB90FD /* APIManagerTests.swift */ = {isa = PBXFileReference; lastKnownFileType = sourcecode.swift; path = APIManagerTests.swift; sourceTree = "<group>"; };
		A9C8FFD4276B6A2900FB90FD /* MockConvertResponse.swift */ = {isa = PBXFileReference; lastKnownFileType = sourcecode.swift; path = MockConvertResponse.swift; sourceTree = "<group>"; };
		ADE3A0F95710BD649A5884B3 /* Pods-CurrencyConverter.release.xcconfig */ = {isa = PBXFileReference; includeInIndex = 1; lastKnownFileType = text.xcconfig; name = "Pods-CurrencyConverter.release.xcconfig"; path = "Target Support Files/Pods-CurrencyConverter/Pods-CurrencyConverter.release.xcconfig"; sourceTree = "<group>"; };
		D954BD55C3278DC0434532EF /* Pods-CurrencyConverter.debug.xcconfig */ = {isa = PBXFileReference; includeInIndex = 1; lastKnownFileType = text.xcconfig; name = "Pods-CurrencyConverter.debug.xcconfig"; path = "Target Support Files/Pods-CurrencyConverter/Pods-CurrencyConverter.debug.xcconfig"; sourceTree = "<group>"; };
/* End PBXFileReference section */

/* Begin PBXFrameworksBuildPhase section */
		A9A86D73276B32E20033C5C4 /* Frameworks */ = {
			isa = PBXFrameworksBuildPhase;
			buildActionMask = 2147483647;
			files = (
				24FCF0F3EAC979BEE5D0CCB3 /* Pods_CurrencyConverter.framework in Frameworks */,
			);
			runOnlyForDeploymentPostprocessing = 0;
		};
		A9A86D89276B32E30033C5C4 /* Frameworks */ = {
			isa = PBXFrameworksBuildPhase;
			buildActionMask = 2147483647;
			files = (
				2A25D72DD5EE57FA5B7B0F9E /* Pods_CurrencyConverterTests.framework in Frameworks */,
			);
			runOnlyForDeploymentPostprocessing = 0;
		};
/* End PBXFrameworksBuildPhase section */

/* Begin PBXGroup section */
		5B946ADF40DB87CFE3FA6D08 /* Frameworks */ = {
			isa = PBXGroup;
			children = (
				24AA62B4F1049F854D4C772C /* Pods_CurrencyConverter.framework */,
				A4E023AB4ADC2702602011C4 /* Pods_CurrencyConverterTests.framework */,
			);
			name = Frameworks;
			sourceTree = "<group>";
		};
		8074131DCE3A05B03AF77B29 /* Pods */ = {
			isa = PBXGroup;
			children = (
				D954BD55C3278DC0434532EF /* Pods-CurrencyConverter.debug.xcconfig */,
				ADE3A0F95710BD649A5884B3 /* Pods-CurrencyConverter.release.xcconfig */,
				41276C1C12F181DE4272D0C7 /* Pods-CurrencyConverterTests.debug.xcconfig */,
				605B1D96F60D4E33334176B6 /* Pods-CurrencyConverterTests.release.xcconfig */,
			);
			path = Pods;
			sourceTree = "<group>";
		};
		A9A86D6D276B32E20033C5C4 = {
			isa = PBXGroup;
			children = (
				A9A86D78276B32E20033C5C4 /* CurrencyConverter */,
				A9A86D8F276B32E30033C5C4 /* CurrencyConverterTests */,
				A9A86D77276B32E20033C5C4 /* Products */,
				8074131DCE3A05B03AF77B29 /* Pods */,
				5B946ADF40DB87CFE3FA6D08 /* Frameworks */,
			);
			sourceTree = "<group>";
		};
		A9A86D77276B32E20033C5C4 /* Products */ = {
			isa = PBXGroup;
			children = (
				A9A86D76276B32E20033C5C4 /* CurrencyConverter.app */,
				A9A86D8C276B32E30033C5C4 /* CurrencyConverterTests.xctest */,
			);
			name = Products;
			sourceTree = "<group>";
		};
		A9A86D78276B32E20033C5C4 /* CurrencyConverter */ = {
			isa = PBXGroup;
			children = (
				A9A86D79276B32E20033C5C4 /* AppDelegate.swift */,
				A9A86D7B276B32E20033C5C4 /* SceneDelegate.swift */,
				A9C8FFD6276B71F100FB90FD /* UI */,
				A9C8FFB8276B391300FB90FD /* Models */,
				A9C8FFBB276B395400FB90FD /* API */,
				A9C8FFB1276B363700FB90FD /* Network */,
				A9C8FFC0276B3AD400FB90FD /* Extensions */,
				A9A86D7F276B32E20033C5C4 /* Assets.xcassets */,
				A9A86D84276B32E20033C5C4 /* LaunchScreen.storyboard */,
				A9A86D87276B32E20033C5C4 /* Info.plist */,
				A9A86D81276B32E20033C5C4 /* Preview Content */,
			);
			path = CurrencyConverter;
			sourceTree = "<group>";
		};
		A9A86D81276B32E20033C5C4 /* Preview Content */ = {
			isa = PBXGroup;
			children = (
				A9A86D82276B32E20033C5C4 /* Preview Assets.xcassets */,
			);
			path = "Preview Content";
			sourceTree = "<group>";
		};
		A9A86D8F276B32E30033C5C4 /* CurrencyConverterTests */ = {
			isa = PBXGroup;
			children = (
				A9C8FFCE276B689100FB90FD /* Mocks */,
				A9C8FFD1276B692B00FB90FD /* API */,
				A9A86D92276B32E30033C5C4 /* Info.plist */,
			);
			path = CurrencyConverterTests;
			sourceTree = "<group>";
		};
		A9C8FFB1276B363700FB90FD /* Network */ = {
			isa = PBXGroup;
			children = (
				A9C8FFB2276B364400FB90FD /* NetworkManager.swift */,
				A9C8FFB4276B365100FB90FD /* NetworkRequest.swift */,
				A9C8FFB6276B365D00FB90FD /* NetworkError.swift */,
			);
			path = Network;
			sourceTree = "<group>";
		};
		A9C8FFB8276B391300FB90FD /* Models */ = {
			isa = PBXGroup;
			children = (
				A9C8FFB9276B392100FB90FD /* ConvertRequest.swift */,
				A9C8FFC3276B3C2A00FB90FD /* ConvertResponse.swift */,
				A9C8FFC5276B3ECC00FB90FD /* Currency.swift */,
			);
			path = Models;
			sourceTree = "<group>";
		};
		A9C8FFBB276B395400FB90FD /* API */ = {
			isa = PBXGroup;
			children = (
				A9C8FFBC276B396700FB90FD /* APIManager.swift */,
				A9C8FFBE276B397000FB90FD /* APIRequest.swift */,
			);
			path = API;
			sourceTree = "<group>";
		};
		A9C8FFC0276B3AD400FB90FD /* Extensions */ = {
			isa = PBXGroup;
			children = (
				A9C8FFC1276B3AE200FB90FD /* Codable.swift */,
			);
			path = Extensions;
			sourceTree = "<group>";
		};
		A9C8FFCE276B689100FB90FD /* Mocks */ = {
			isa = PBXGroup;
			children = (
				A9C8FFD4276B6A2900FB90FD /* MockConvertResponse.swift */,
				A9C8FFCF276B68A200FB90FD /* MockNetworkManager.swift */,
			);
			path = Mocks;
			sourceTree = "<group>";
		};
		A9C8FFD1276B692B00FB90FD /* API */ = {
			isa = PBXGroup;
			children = (
				A9C8FFD2276B693B00FB90FD /* APIManagerTests.swift */,
			);
			path = API;
			sourceTree = "<group>";
		};
		A9C8FFD6276B71F100FB90FD /* UI */ = {
			isa = PBXGroup;
			children = (
				A9A86D7D276B32E20033C5C4 /* ContentView.swift */,
				A9C8FFC9276B537300FB90FD /* CurrencyPicker.swift */,
				A9C8FFC7276B404500FB90FD /* ContentViewModel.swift */,
			);
			path = UI;
			sourceTree = "<group>";
		};
/* End PBXGroup section */

/* Begin PBXNativeTarget section */
		A9A86D75276B32E20033C5C4 /* CurrencyConverter */ = {
			isa = PBXNativeTarget;
			buildConfigurationList = A9A86DA0276B32E30033C5C4 /* Build configuration list for PBXNativeTarget "CurrencyConverter" */;
			buildPhases = (
				9DB50AB3916A701DB2D68135 /* [CP] Check Pods Manifest.lock */,
				A9A86D72276B32E20033C5C4 /* Sources */,
				A9A86D73276B32E20033C5C4 /* Frameworks */,
				A9A86D74276B32E20033C5C4 /* Resources */,
				951AD44F5E94FA9D1028F5AB /* [CP] Embed Pods Frameworks */,
			);
			buildRules = (
			);
			dependencies = (
			);
			name = CurrencyConverter;
			productName = CurrencyConverter;
			productReference = A9A86D76276B32E20033C5C4 /* CurrencyConverter.app */;
			productType = "com.apple.product-type.application";
		};
		A9A86D8B276B32E30033C5C4 /* CurrencyConverterTests */ = {
			isa = PBXNativeTarget;
			buildConfigurationList = A9A86DA3276B32E30033C5C4 /* Build configuration list for PBXNativeTarget "CurrencyConverterTests" */;
			buildPhases = (
				302A2D379CD1B512D8E87F36 /* [CP] Check Pods Manifest.lock */,
				A9A86D88276B32E30033C5C4 /* Sources */,
				A9A86D89276B32E30033C5C4 /* Frameworks */,
				A9A86D8A276B32E30033C5C4 /* Resources */,
				CD69ECE2B10BB440490D0B01 /* [CP] Embed Pods Frameworks */,
			);
			buildRules = (
			);
			dependencies = (
				A9A86D8E276B32E30033C5C4 /* PBXTargetDependency */,
			);
			name = CurrencyConverterTests;
			productName = CurrencyConverterTests;
			productReference = A9A86D8C276B32E30033C5C4 /* CurrencyConverterTests.xctest */;
			productType = "com.apple.product-type.bundle.unit-test";
		};
/* End PBXNativeTarget section */

/* Begin PBXProject section */
		A9A86D6E276B32E20033C5C4 /* Project object */ = {
			isa = PBXProject;
			attributes = {
				LastSwiftUpdateCheck = 1250;
				LastUpgradeCheck = 1250;
				TargetAttributes = {
					A9A86D75276B32E20033C5C4 = {
						CreatedOnToolsVersion = 12.5.1;
					};
					A9A86D8B276B32E30033C5C4 = {
						CreatedOnToolsVersion = 12.5.1;
						TestTargetID = A9A86D75276B32E20033C5C4;
					};
				};
			};
			buildConfigurationList = A9A86D71276B32E20033C5C4 /* Build configuration list for PBXProject "CurrencyConverter" */;
			compatibilityVersion = "Xcode 9.3";
			developmentRegion = en;
			hasScannedForEncodings = 0;
			knownRegions = (
				en,
				Base,
			);
			mainGroup = A9A86D6D276B32E20033C5C4;
			productRefGroup = A9A86D77276B32E20033C5C4 /* Products */;
			projectDirPath = "";
			projectRoot = "";
			targets = (
				A9A86D75276B32E20033C5C4 /* CurrencyConverter */,
				A9A86D8B276B32E30033C5C4 /* CurrencyConverterTests */,
			);
		};
/* End PBXProject section */

/* Begin PBXResourcesBuildPhase section */
		A9A86D74276B32E20033C5C4 /* Resources */ = {
			isa = PBXResourcesBuildPhase;
			buildActionMask = 2147483647;
			files = (
				A9A86D86276B32E20033C5C4 /* LaunchScreen.storyboard in Resources */,
				A9A86D83276B32E20033C5C4 /* Preview Assets.xcassets in Resources */,
				A9A86D80276B32E20033C5C4 /* Assets.xcassets in Resources */,
			);
			runOnlyForDeploymentPostprocessing = 0;
		};
		A9A86D8A276B32E30033C5C4 /* Resources */ = {
			isa = PBXResourcesBuildPhase;
			buildActionMask = 2147483647;
			files = (
			);
			runOnlyForDeploymentPostprocessing = 0;
		};
/* End PBXResourcesBuildPhase section */

/* Begin PBXShellScriptBuildPhase section */
		302A2D379CD1B512D8E87F36 /* [CP] Check Pods Manifest.lock */ = {
			isa = PBXShellScriptBuildPhase;
			buildActionMask = 2147483647;
			files = (
			);
			inputFileListPaths = (
			);
			inputPaths = (
				"${PODS_PODFILE_DIR_PATH}/Podfile.lock",
				"${PODS_ROOT}/Manifest.lock",
			);
			name = "[CP] Check Pods Manifest.lock";
			outputFileListPaths = (
			);
			outputPaths = (
				"$(DERIVED_FILE_DIR)/Pods-CurrencyConverterTests-checkManifestLockResult.txt",
			);
			runOnlyForDeploymentPostprocessing = 0;
			shellPath = /bin/sh;
			shellScript = "diff \"${PODS_PODFILE_DIR_PATH}/Podfile.lock\" \"${PODS_ROOT}/Manifest.lock\" > /dev/null\nif [ $? != 0 ] ; then\n    # print error to STDERR\n    echo \"error: The sandbox is not in sync with the Podfile.lock. Run 'pod install' or update your CocoaPods installation.\" >&2\n    exit 1\nfi\n# This output is used by Xcode 'outputs' to avoid re-running this script phase.\necho \"SUCCESS\" > \"${SCRIPT_OUTPUT_FILE_0}\"\n";
			showEnvVarsInLog = 0;
		};
		951AD44F5E94FA9D1028F5AB /* [CP] Embed Pods Frameworks */ = {
			isa = PBXShellScriptBuildPhase;
			buildActionMask = 2147483647;
			files = (
			);
			inputFileListPaths = (
				"${PODS_ROOT}/Target Support Files/Pods-CurrencyConverter/Pods-CurrencyConverter-frameworks-${CONFIGURATION}-input-files.xcfilelist",
			);
			name = "[CP] Embed Pods Frameworks";
			outputFileListPaths = (
				"${PODS_ROOT}/Target Support Files/Pods-CurrencyConverter/Pods-CurrencyConverter-frameworks-${CONFIGURATION}-output-files.xcfilelist",
			);
			runOnlyForDeploymentPostprocessing = 0;
			shellPath = /bin/sh;
			shellScript = "\"${PODS_ROOT}/Target Support Files/Pods-CurrencyConverter/Pods-CurrencyConverter-frameworks.sh\"\n";
			showEnvVarsInLog = 0;
		};
		9DB50AB3916A701DB2D68135 /* [CP] Check Pods Manifest.lock */ = {
			isa = PBXShellScriptBuildPhase;
			buildActionMask = 2147483647;
			files = (
			);
			inputFileListPaths = (
			);
			inputPaths = (
				"${PODS_PODFILE_DIR_PATH}/Podfile.lock",
				"${PODS_ROOT}/Manifest.lock",
			);
			name = "[CP] Check Pods Manifest.lock";
			outputFileListPaths = (
			);
			outputPaths = (
				"$(DERIVED_FILE_DIR)/Pods-CurrencyConverter-checkManifestLockResult.txt",
			);
			runOnlyForDeploymentPostprocessing = 0;
			shellPath = /bin/sh;
			shellScript = "diff \"${PODS_PODFILE_DIR_PATH}/Podfile.lock\" \"${PODS_ROOT}/Manifest.lock\" > /dev/null\nif [ $? != 0 ] ; then\n    # print error to STDERR\n    echo \"error: The sandbox is not in sync with the Podfile.lock. Run 'pod install' or update your CocoaPods installation.\" >&2\n    exit 1\nfi\n# This output is used by Xcode 'outputs' to avoid re-running this script phase.\necho \"SUCCESS\" > \"${SCRIPT_OUTPUT_FILE_0}\"\n";
			showEnvVarsInLog = 0;
		};
		CD69ECE2B10BB440490D0B01 /* [CP] Embed Pods Frameworks */ = {
			isa = PBXShellScriptBuildPhase;
			buildActionMask = 2147483647;
			files = (
			);
			inputFileListPaths = (
				"${PODS_ROOT}/Target Support Files/Pods-CurrencyConverterTests/Pods-CurrencyConverterTests-frameworks-${CONFIGURATION}-input-files.xcfilelist",
			);
			name = "[CP] Embed Pods Frameworks";
			outputFileListPaths = (
				"${PODS_ROOT}/Target Support Files/Pods-CurrencyConverterTests/Pods-CurrencyConverterTests-frameworks-${CONFIGURATION}-output-files.xcfilelist",
			);
			runOnlyForDeploymentPostprocessing = 0;
			shellPath = /bin/sh;
			shellScript = "\"${PODS_ROOT}/Target Support Files/Pods-CurrencyConverterTests/Pods-CurrencyConverterTests-frameworks.sh\"\n";
			showEnvVarsInLog = 0;
		};
/* End PBXShellScriptBuildPhase section */

/* Begin PBXSourcesBuildPhase section */
		A9A86D72276B32E20033C5C4 /* Sources */ = {
			isa = PBXSourcesBuildPhase;
			buildActionMask = 2147483647;
			files = (
				A9C8FFC6276B3ECC00FB90FD /* Currency.swift in Sources */,
				A9C8FFC8276B404500FB90FD /* ContentViewModel.swift in Sources */,
				A9C8FFCA276B537300FB90FD /* CurrencyPicker.swift in Sources */,
				A9C8FFBD276B396700FB90FD /* APIManager.swift in Sources */,
				A9C8FFC4276B3C2A00FB90FD /* ConvertResponse.swift in Sources */,
				A9C8FFB3276B364400FB90FD /* NetworkManager.swift in Sources */,
				A9A86D7A276B32E20033C5C4 /* AppDelegate.swift in Sources */,
				A9A86D7C276B32E20033C5C4 /* SceneDelegate.swift in Sources */,
				A9C8FFB7276B365D00FB90FD /* NetworkError.swift in Sources */,
				A9A86D7E276B32E20033C5C4 /* ContentView.swift in Sources */,
				A9C8FFB5276B365100FB90FD /* NetworkRequest.swift in Sources */,
				A9C8FFBF276B397000FB90FD /* APIRequest.swift in Sources */,
				A9C8FFC2276B3AE200FB90FD /* Codable.swift in Sources */,
				A9C8FFBA276B392100FB90FD /* ConvertRequest.swift in Sources */,
			);
			runOnlyForDeploymentPostprocessing = 0;
		};
		A9A86D88276B32E30033C5C4 /* Sources */ = {
			isa = PBXSourcesBuildPhase;
			buildActionMask = 2147483647;
			files = (
				A9C8FFD0276B68A200FB90FD /* MockNetworkManager.swift in Sources */,
				A9C8FFD5276B6A2900FB90FD /* MockConvertResponse.swift in Sources */,
				A9C8FFD3276B693B00FB90FD /* APIManagerTests.swift in Sources */,
			);
			runOnlyForDeploymentPostprocessing = 0;
		};
/* End PBXSourcesBuildPhase section */

/* Begin PBXTargetDependency section */
		A9A86D8E276B32E30033C5C4 /* PBXTargetDependency */ = {
			isa = PBXTargetDependency;
			target = A9A86D75276B32E20033C5C4 /* CurrencyConverter */;
			targetProxy = A9A86D8D276B32E30033C5C4 /* PBXContainerItemProxy */;
		};
/* End PBXTargetDependency section */

/* Begin PBXVariantGroup section */
		A9A86D84276B32E20033C5C4 /* LaunchScreen.storyboard */ = {
			isa = PBXVariantGroup;
			children = (
				A9A86D85276B32E20033C5C4 /* Base */,
			);
			name = LaunchScreen.storyboard;
			sourceTree = "<group>";
		};
/* End PBXVariantGroup section */

/* Begin XCBuildConfiguration section */
		A9A86D9E276B32E30033C5C4 /* Debug */ = {
			isa = XCBuildConfiguration;
			buildSettings = {
				ALWAYS_SEARCH_USER_PATHS = NO;
				CLANG_ANALYZER_NONNULL = YES;
				CLANG_ANALYZER_NUMBER_OBJECT_CONVERSION = YES_AGGRESSIVE;
				CLANG_CXX_LANGUAGE_STANDARD = "gnu++14";
				CLANG_CXX_LIBRARY = "libc++";
				CLANG_ENABLE_MODULES = YES;
				CLANG_ENABLE_OBJC_ARC = YES;
				CLANG_ENABLE_OBJC_WEAK = YES;
				CLANG_WARN_BLOCK_CAPTURE_AUTORELEASING = YES;
				CLANG_WARN_BOOL_CONVERSION = YES;
				CLANG_WARN_COMMA = YES;
				CLANG_WARN_CONSTANT_CONVERSION = YES;
				CLANG_WARN_DEPRECATED_OBJC_IMPLEMENTATIONS = YES;
				CLANG_WARN_DIRECT_OBJC_ISA_USAGE = YES_ERROR;
				CLANG_WARN_DOCUMENTATION_COMMENTS = YES;
				CLANG_WARN_EMPTY_BODY = YES;
				CLANG_WARN_ENUM_CONVERSION = YES;
				CLANG_WARN_INFINITE_RECURSION = YES;
				CLANG_WARN_INT_CONVERSION = YES;
				CLANG_WARN_NON_LITERAL_NULL_CONVERSION = YES;
				CLANG_WARN_OBJC_IMPLICIT_RETAIN_SELF = YES;
				CLANG_WARN_OBJC_LITERAL_CONVERSION = YES;
				CLANG_WARN_OBJC_ROOT_CLASS = YES_ERROR;
				CLANG_WARN_QUOTED_INCLUDE_IN_FRAMEWORK_HEADER = YES;
				CLANG_WARN_RANGE_LOOP_ANALYSIS = YES;
				CLANG_WARN_STRICT_PROTOTYPES = YES;
				CLANG_WARN_SUSPICIOUS_MOVE = YES;
				CLANG_WARN_UNGUARDED_AVAILABILITY = YES_AGGRESSIVE;
				CLANG_WARN_UNREACHABLE_CODE = YES;
				CLANG_WARN__DUPLICATE_METHOD_MATCH = YES;
				COPY_PHASE_STRIP = NO;
				DEBUG_INFORMATION_FORMAT = dwarf;
				ENABLE_STRICT_OBJC_MSGSEND = YES;
				ENABLE_TESTABILITY = YES;
				GCC_C_LANGUAGE_STANDARD = gnu11;
				GCC_DYNAMIC_NO_PIC = NO;
				GCC_NO_COMMON_BLOCKS = YES;
				GCC_OPTIMIZATION_LEVEL = 0;
				GCC_PREPROCESSOR_DEFINITIONS = (
					"DEBUG=1",
					"$(inherited)",
				);
				GCC_WARN_64_TO_32_BIT_CONVERSION = YES;
				GCC_WARN_ABOUT_RETURN_TYPE = YES_ERROR;
				GCC_WARN_UNDECLARED_SELECTOR = YES;
				GCC_WARN_UNINITIALIZED_AUTOS = YES_AGGRESSIVE;
				GCC_WARN_UNUSED_FUNCTION = YES;
				GCC_WARN_UNUSED_VARIABLE = YES;
				IPHONEOS_DEPLOYMENT_TARGET = 13.0;
				MTL_ENABLE_DEBUG_INFO = INCLUDE_SOURCE;
				MTL_FAST_MATH = YES;
				ONLY_ACTIVE_ARCH = YES;
				SDKROOT = iphoneos;
				SWIFT_ACTIVE_COMPILATION_CONDITIONS = DEBUG;
				SWIFT_OPTIMIZATION_LEVEL = "-Onone";
			};
			name = Debug;
		};
		A9A86D9F276B32E30033C5C4 /* Release */ = {
			isa = XCBuildConfiguration;
			buildSettings = {
				ALWAYS_SEARCH_USER_PATHS = NO;
				CLANG_ANALYZER_NONNULL = YES;
				CLANG_ANALYZER_NUMBER_OBJECT_CONVERSION = YES_AGGRESSIVE;
				CLANG_CXX_LANGUAGE_STANDARD = "gnu++14";
				CLANG_CXX_LIBRARY = "libc++";
				CLANG_ENABLE_MODULES = YES;
				CLANG_ENABLE_OBJC_ARC = YES;
				CLANG_ENABLE_OBJC_WEAK = YES;
				CLANG_WARN_BLOCK_CAPTURE_AUTORELEASING = YES;
				CLANG_WARN_BOOL_CONVERSION = YES;
				CLANG_WARN_COMMA = YES;
				CLANG_WARN_CONSTANT_CONVERSION = YES;
				CLANG_WARN_DEPRECATED_OBJC_IMPLEMENTATIONS = YES;
				CLANG_WARN_DIRECT_OBJC_ISA_USAGE = YES_ERROR;
				CLANG_WARN_DOCUMENTATION_COMMENTS = YES;
				CLANG_WARN_EMPTY_BODY = YES;
				CLANG_WARN_ENUM_CONVERSION = YES;
				CLANG_WARN_INFINITE_RECURSION = YES;
				CLANG_WARN_INT_CONVERSION = YES;
				CLANG_WARN_NON_LITERAL_NULL_CONVERSION = YES;
				CLANG_WARN_OBJC_IMPLICIT_RETAIN_SELF = YES;
				CLANG_WARN_OBJC_LITERAL_CONVERSION = YES;
				CLANG_WARN_OBJC_ROOT_CLASS = YES_ERROR;
				CLANG_WARN_QUOTED_INCLUDE_IN_FRAMEWORK_HEADER = YES;
				CLANG_WARN_RANGE_LOOP_ANALYSIS = YES;
				CLANG_WARN_STRICT_PROTOTYPES = YES;
				CLANG_WARN_SUSPICIOUS_MOVE = YES;
				CLANG_WARN_UNGUARDED_AVAILABILITY = YES_AGGRESSIVE;
				CLANG_WARN_UNREACHABLE_CODE = YES;
				CLANG_WARN__DUPLICATE_METHOD_MATCH = YES;
				COPY_PHASE_STRIP = NO;
				DEBUG_INFORMATION_FORMAT = "dwarf-with-dsym";
				ENABLE_NS_ASSERTIONS = NO;
				ENABLE_STRICT_OBJC_MSGSEND = YES;
				GCC_C_LANGUAGE_STANDARD = gnu11;
				GCC_NO_COMMON_BLOCKS = YES;
				GCC_WARN_64_TO_32_BIT_CONVERSION = YES;
				GCC_WARN_ABOUT_RETURN_TYPE = YES_ERROR;
				GCC_WARN_UNDECLARED_SELECTOR = YES;
				GCC_WARN_UNINITIALIZED_AUTOS = YES_AGGRESSIVE;
				GCC_WARN_UNUSED_FUNCTION = YES;
				GCC_WARN_UNUSED_VARIABLE = YES;
				IPHONEOS_DEPLOYMENT_TARGET = 13.0;
				MTL_ENABLE_DEBUG_INFO = NO;
				MTL_FAST_MATH = YES;
				SDKROOT = iphoneos;
				SWIFT_COMPILATION_MODE = wholemodule;
				SWIFT_OPTIMIZATION_LEVEL = "-O";
				VALIDATE_PRODUCT = YES;
			};
			name = Release;
		};
		A9A86DA1276B32E30033C5C4 /* Debug */ = {
			isa = XCBuildConfiguration;
			baseConfigurationReference = D954BD55C3278DC0434532EF /* Pods-CurrencyConverter.debug.xcconfig */;
			buildSettings = {
				ASSETCATALOG_COMPILER_APPICON_NAME = AppIcon;
				ASSETCATALOG_COMPILER_GLOBAL_ACCENT_COLOR_NAME = AccentColor;
				CODE_SIGN_STYLE = Automatic;
				DEVELOPMENT_ASSET_PATHS = "\"CurrencyConverter/Preview Content\"";
				DEVELOPMENT_TEAM = EVVDW95JPN;
				ENABLE_PREVIEWS = YES;
				INFOPLIST_FILE = CurrencyConverter/Info.plist;
				IPHONEOS_DEPLOYMENT_TARGET = 13.0;
				LD_RUNPATH_SEARCH_PATHS = (
					"$(inherited)",
					"@executable_path/Frameworks",
				);
				PRODUCT_BUNDLE_IDENTIFIER = com.antoniozdelican.CurrencyConverter;
				PRODUCT_NAME = "$(TARGET_NAME)";
				SWIFT_VERSION = 5.0;
				TARGETED_DEVICE_FAMILY = 1;
			};
			name = Debug;
		};
		A9A86DA2276B32E30033C5C4 /* Release */ = {
			isa = XCBuildConfiguration;
			baseConfigurationReference = ADE3A0F95710BD649A5884B3 /* Pods-CurrencyConverter.release.xcconfig */;
			buildSettings = {
				ASSETCATALOG_COMPILER_APPICON_NAME = AppIcon;
				ASSETCATALOG_COMPILER_GLOBAL_ACCENT_COLOR_NAME = AccentColor;
				CODE_SIGN_STYLE = Automatic;
				DEVELOPMENT_ASSET_PATHS = "\"CurrencyConverter/Preview Content\"";
				DEVELOPMENT_TEAM = EVVDW95JPN;
				ENABLE_PREVIEWS = YES;
				INFOPLIST_FILE = CurrencyConverter/Info.plist;
				IPHONEOS_DEPLOYMENT_TARGET = 13.0;
				LD_RUNPATH_SEARCH_PATHS = (
					"$(inherited)",
					"@executable_path/Frameworks",
				);
				PRODUCT_BUNDLE_IDENTIFIER = com.antoniozdelican.CurrencyConverter;
				PRODUCT_NAME = "$(TARGET_NAME)";
				SWIFT_VERSION = 5.0;
				TARGETED_DEVICE_FAMILY = 1;
			};
			name = Release;
		};
		A9A86DA4276B32E30033C5C4 /* Debug */ = {
			isa = XCBuildConfiguration;
			baseConfigurationReference = 41276C1C12F181DE4272D0C7 /* Pods-CurrencyConverterTests.debug.xcconfig */;
			buildSettings = {
				BUNDLE_LOADER = "$(TEST_HOST)";
				CODE_SIGN_STYLE = Automatic;
				DEVELOPMENT_TEAM = EVVDW95JPN;
				INFOPLIST_FILE = CurrencyConverterTests/Info.plist;
				IPHONEOS_DEPLOYMENT_TARGET = 13.0;
				LD_RUNPATH_SEARCH_PATHS = (
					"$(inherited)",
					"@executable_path/Frameworks",
					"@loader_path/Frameworks",
				);
				PRODUCT_BUNDLE_IDENTIFIER = com.antoniozdelican.CurrencyConverterTests;
				PRODUCT_NAME = "$(TARGET_NAME)";
				SWIFT_VERSION = 5.0;
				TARGETED_DEVICE_FAMILY = "1,2";
				TEST_HOST = "$(BUILT_PRODUCTS_DIR)/CurrencyConverter.app/CurrencyConverter";
			};
			name = Debug;
		};
		A9A86DA5276B32E30033C5C4 /* Release */ = {
			isa = XCBuildConfiguration;
			baseConfigurationReference = 605B1D96F60D4E33334176B6 /* Pods-CurrencyConverterTests.release.xcconfig */;
			buildSettings = {
				BUNDLE_LOADER = "$(TEST_HOST)";
				CODE_SIGN_STYLE = Automatic;
				DEVELOPMENT_TEAM = EVVDW95JPN;
				INFOPLIST_FILE = CurrencyConverterTests/Info.plist;
				IPHONEOS_DEPLOYMENT_TARGET = 13.0;
				LD_RUNPATH_SEARCH_PATHS = (
					"$(inherited)",
					"@executable_path/Frameworks",
					"@loader_path/Frameworks",
				);
				PRODUCT_BUNDLE_IDENTIFIER = com.antoniozdelican.CurrencyConverterTests;
				PRODUCT_NAME = "$(TARGET_NAME)";
				SWIFT_VERSION = 5.0;
				TARGETED_DEVICE_FAMILY = "1,2";
				TEST_HOST = "$(BUILT_PRODUCTS_DIR)/CurrencyConverter.app/CurrencyConverter";
			};
			name = Release;
		};
/* End XCBuildConfiguration section */

/* Begin XCConfigurationList section */
		A9A86D71276B32E20033C5C4 /* Build configuration list for PBXProject "CurrencyConverter" */ = {
			isa = XCConfigurationList;
			buildConfigurations = (
				A9A86D9E276B32E30033C5C4 /* Debug */,
				A9A86D9F276B32E30033C5C4 /* Release */,
			);
			defaultConfigurationIsVisible = 0;
			defaultConfigurationName = Release;
		};
		A9A86DA0276B32E30033C5C4 /* Build configuration list for PBXNativeTarget "CurrencyConverter" */ = {
			isa = XCConfigurationList;
			buildConfigurations = (
				A9A86DA1276B32E30033C5C4 /* Debug */,
				A9A86DA2276B32E30033C5C4 /* Release */,
			);
			defaultConfigurationIsVisible = 0;
			defaultConfigurationName = Release;
		};
		A9A86DA3276B32E30033C5C4 /* Build configuration list for PBXNativeTarget "CurrencyConverterTests" */ = {
			isa = XCConfigurationList;
			buildConfigurations = (
				A9A86DA4276B32E30033C5C4 /* Debug */,
				A9A86DA5276B32E30033C5C4 /* Release */,
			);
			defaultConfigurationIsVisible = 0;
			defaultConfigurationName = Release;
		};
/* End XCConfigurationList section */
	};
	rootObject = A9A86D6E276B32E20033C5C4 /* Project object */;
}
